// !$*UTF8*$!
{
	archiveVersion = 1;
	classes = {
	};
	objectVersion = 56;
	objects = {

/* Begin PBXBuildFile section */
		2896202A2A883094009EABE1 /* CoinModel.swift in Sources */ = {isa = PBXBuildFile; fileRef = 289620292A883094009EABE1 /* CoinModel.swift */; };
		2896202C2A890054009EABE1 /* CoinRowView.swift in Sources */ = {isa = PBXBuildFile; fileRef = 2896202B2A890054009EABE1 /* CoinRowView.swift */; };
		2896202E2A8900BF009EABE1 /* PreviewProvider.swift in Sources */ = {isa = PBXBuildFile; fileRef = 2896202D2A8900BF009EABE1 /* PreviewProvider.swift */; };
		289620302A890577009EABE1 /* Double.swift in Sources */ = {isa = PBXBuildFile; fileRef = 2896202F2A890577009EABE1 /* Double.swift */; };
		289620322A89195E009EABE1 /* HomeViewModel.swift in Sources */ = {isa = PBXBuildFile; fileRef = 289620312A89195E009EABE1 /* HomeViewModel.swift */; };
		289620352A893C56009EABE1 /* CoinDataService.swift in Sources */ = {isa = PBXBuildFile; fileRef = 289620342A893C56009EABE1 /* CoinDataService.swift */; };
		28CED6E22A8827FF00ED7FAB /* CryptoTrackerApp.swift in Sources */ = {isa = PBXBuildFile; fileRef = 28CED6E12A8827FF00ED7FAB /* CryptoTrackerApp.swift */; };
		28CED6E62A8827FF00ED7FAB /* Assets.xcassets in Resources */ = {isa = PBXBuildFile; fileRef = 28CED6E52A8827FF00ED7FAB /* Assets.xcassets */; };
		28CED6E92A8827FF00ED7FAB /* Preview Assets.xcassets in Resources */ = {isa = PBXBuildFile; fileRef = 28CED6E82A8827FF00ED7FAB /* Preview Assets.xcassets */; };
		28CED6F12A88283C00ED7FAB /* Color.swift in Sources */ = {isa = PBXBuildFile; fileRef = 28CED6F02A88283C00ED7FAB /* Color.swift */; };
		28CED6F72A88289800ED7FAB /* CircleButtonView.swift in Sources */ = {isa = PBXBuildFile; fileRef = 28CED6F62A88289800ED7FAB /* CircleButtonView.swift */; };
		28CED6F92A8828BE00ED7FAB /* CircleButtonAnimationView.swift in Sources */ = {isa = PBXBuildFile; fileRef = 28CED6F82A8828BE00ED7FAB /* CircleButtonAnimationView.swift */; };
		28CED6FD2A8828F300ED7FAB /* HomeView.swift in Sources */ = {isa = PBXBuildFile; fileRef = 28CED6FC2A8828F300ED7FAB /* HomeView.swift */; };
/* End PBXBuildFile section */

/* Begin PBXFileReference section */
		289620292A883094009EABE1 /* CoinModel.swift */ = {isa = PBXFileReference; lastKnownFileType = sourcecode.swift; path = CoinModel.swift; sourceTree = "<group>"; };
		2896202B2A890054009EABE1 /* CoinRowView.swift */ = {isa = PBXFileReference; lastKnownFileType = sourcecode.swift; path = CoinRowView.swift; sourceTree = "<group>"; };
		2896202D2A8900BF009EABE1 /* PreviewProvider.swift */ = {isa = PBXFileReference; lastKnownFileType = sourcecode.swift; path = PreviewProvider.swift; sourceTree = "<group>"; };
		2896202F2A890577009EABE1 /* Double.swift */ = {isa = PBXFileReference; lastKnownFileType = sourcecode.swift; path = Double.swift; sourceTree = "<group>"; };
		289620312A89195E009EABE1 /* HomeViewModel.swift */ = {isa = PBXFileReference; lastKnownFileType = sourcecode.swift; path = HomeViewModel.swift; sourceTree = "<group>"; };
		289620342A893C56009EABE1 /* CoinDataService.swift */ = {isa = PBXFileReference; lastKnownFileType = sourcecode.swift; path = CoinDataService.swift; sourceTree = "<group>"; };
		28CED6DE2A8827FF00ED7FAB /* CryptoTracker.app */ = {isa = PBXFileReference; explicitFileType = wrapper.application; includeInIndex = 0; path = CryptoTracker.app; sourceTree = BUILT_PRODUCTS_DIR; };
		28CED6E12A8827FF00ED7FAB /* CryptoTrackerApp.swift */ = {isa = PBXFileReference; lastKnownFileType = sourcecode.swift; path = CryptoTrackerApp.swift; sourceTree = "<group>"; };
		28CED6E52A8827FF00ED7FAB /* Assets.xcassets */ = {isa = PBXFileReference; lastKnownFileType = folder.assetcatalog; path = Assets.xcassets; sourceTree = "<group>"; };
		28CED6E82A8827FF00ED7FAB /* Preview Assets.xcassets */ = {isa = PBXFileReference; lastKnownFileType = folder.assetcatalog; path = "Preview Assets.xcassets"; sourceTree = "<group>"; };
		28CED6F02A88283C00ED7FAB /* Color.swift */ = {isa = PBXFileReference; lastKnownFileType = sourcecode.swift; path = Color.swift; sourceTree = "<group>"; };
		28CED6F62A88289800ED7FAB /* CircleButtonView.swift */ = {isa = PBXFileReference; lastKnownFileType = sourcecode.swift; path = CircleButtonView.swift; sourceTree = "<group>"; };
		28CED6F82A8828BE00ED7FAB /* CircleButtonAnimationView.swift */ = {isa = PBXFileReference; lastKnownFileType = sourcecode.swift; path = CircleButtonAnimationView.swift; sourceTree = "<group>"; };
		28CED6FC2A8828F300ED7FAB /* HomeView.swift */ = {isa = PBXFileReference; lastKnownFileType = sourcecode.swift; path = HomeView.swift; sourceTree = "<group>"; };
/* End PBXFileReference section */

/* Begin PBXFrameworksBuildPhase section */
		28CED6DB2A8827FF00ED7FAB /* Frameworks */ = {
			isa = PBXFrameworksBuildPhase;
			buildActionMask = 2147483647;
			files = (
			);
			runOnlyForDeploymentPostprocessing = 0;
		};
/* End PBXFrameworksBuildPhase section */

/* Begin PBXGroup section */
		289620282A88306A009EABE1 /* Models */ = {
			isa = PBXGroup;
			children = (
				289620292A883094009EABE1 /* CoinModel.swift */,
			);
			path = Models;
			sourceTree = "<group>";
		};
		289620332A8938C5009EABE1 /* Services */ = {
			isa = PBXGroup;
			children = (
				289620342A893C56009EABE1 /* CoinDataService.swift */,
			);
			path = Services;
			sourceTree = "<group>";
		};
		28CED6D52A8827FF00ED7FAB = {
			isa = PBXGroup;
			children = (
				28CED6E02A8827FF00ED7FAB /* CryptoTracker */,
				28CED6DF2A8827FF00ED7FAB /* Products */,
			);
			sourceTree = "<group>";
		};
		28CED6DF2A8827FF00ED7FAB /* Products */ = {
			isa = PBXGroup;
			children = (
				28CED6DE2A8827FF00ED7FAB /* CryptoTracker.app */,
			);
			name = Products;
			sourceTree = "<group>";
		};
		28CED6E02A8827FF00ED7FAB /* CryptoTracker */ = {
			isa = PBXGroup;
			children = (
				28CED6E12A8827FF00ED7FAB /* CryptoTrackerApp.swift */,
				28CED6EF2A88282400ED7FAB /* Extensions */,
				289620332A8938C5009EABE1 /* Services */,
				289620282A88306A009EABE1 /* Models */,
				28CED6F22A88284C00ED7FAB /* Core */,
				28CED6E52A8827FF00ED7FAB /* Assets.xcassets */,
				28CED6E72A8827FF00ED7FAB /* Preview Content */,
			);
			path = CryptoTracker;
			sourceTree = "<group>";
		};
		28CED6E72A8827FF00ED7FAB /* Preview Content */ = {
			isa = PBXGroup;
			children = (
				28CED6E82A8827FF00ED7FAB /* Preview Assets.xcassets */,
			);
			path = "Preview Content";
			sourceTree = "<group>";
		};
		28CED6EF2A88282400ED7FAB /* Extensions */ = {
			isa = PBXGroup;
			children = (
				28CED6F02A88283C00ED7FAB /* Color.swift */,
				2896202D2A8900BF009EABE1 /* PreviewProvider.swift */,
				2896202F2A890577009EABE1 /* Double.swift */,
			);
			path = Extensions;
			sourceTree = "<group>";
		};
		28CED6F22A88284C00ED7FAB /* Core */ = {
			isa = PBXGroup;
			children = (
				28CED6F42A88286900ED7FAB /* Components */,
				28CED6F32A88285700ED7FAB /* Home */,
			);
			path = Core;
			sourceTree = "<group>";
		};
		28CED6F32A88285700ED7FAB /* Home */ = {
			isa = PBXGroup;
			children = (
				28CED6FA2A8828D000ED7FAB /* ViewModels */,
				28CED6FB2A8828DB00ED7FAB /* Views */,
			);
			path = Home;
			sourceTree = "<group>";
		};
		28CED6F42A88286900ED7FAB /* Components */ = {
			isa = PBXGroup;
			children = (
				28CED6F52A88287900ED7FAB /* CircleButton */,
			);
			path = Components;
			sourceTree = "<group>";
		};
		28CED6F52A88287900ED7FAB /* CircleButton */ = {
			isa = PBXGroup;
			children = (
				28CED6F62A88289800ED7FAB /* CircleButtonView.swift */,
				28CED6F82A8828BE00ED7FAB /* CircleButtonAnimationView.swift */,
			);
			path = CircleButton;
			sourceTree = "<group>";
		};
		28CED6FA2A8828D000ED7FAB /* ViewModels */ = {
			isa = PBXGroup;
			children = (
				289620312A89195E009EABE1 /* HomeViewModel.swift */,
			);
			path = ViewModels;
			sourceTree = "<group>";
		};
		28CED6FB2A8828DB00ED7FAB /* Views */ = {
			isa = PBXGroup;
			children = (
				28CED6FC2A8828F300ED7FAB /* HomeView.swift */,
				2896202B2A890054009EABE1 /* CoinRowView.swift */,
			);
			path = Views;
			sourceTree = "<group>";
		};
/* End PBXGroup section */

/* Begin PBXNativeTarget section */
		28CED6DD2A8827FF00ED7FAB /* CryptoTracker */ = {
			isa = PBXNativeTarget;
			buildConfigurationList = 28CED6EC2A8827FF00ED7FAB /* Build configuration list for PBXNativeTarget "CryptoTracker" */;
			buildPhases = (
				28CED6DA2A8827FF00ED7FAB /* Sources */,
				28CED6DB2A8827FF00ED7FAB /* Frameworks */,
				28CED6DC2A8827FF00ED7FAB /* Resources */,
			);
			buildRules = (
			);
			dependencies = (
			);
			name = CryptoTracker;
			productName = CryptoTracker;
			productReference = 28CED6DE2A8827FF00ED7FAB /* CryptoTracker.app */;
			productType = "com.apple.product-type.application";
		};
/* End PBXNativeTarget section */

/* Begin PBXProject section */
		28CED6D62A8827FF00ED7FAB /* Project object */ = {
			isa = PBXProject;
			attributes = {
				BuildIndependentTargetsInParallel = 1;
				LastSwiftUpdateCheck = 1430;
				LastUpgradeCheck = 1430;
				TargetAttributes = {
					28CED6DD2A8827FF00ED7FAB = {
						CreatedOnToolsVersion = 14.3.1;
					};
				};
			};
			buildConfigurationList = 28CED6D92A8827FF00ED7FAB /* Build configuration list for PBXProject "CryptoTracker" */;
			compatibilityVersion = "Xcode 14.0";
			developmentRegion = en;
			hasScannedForEncodings = 0;
			knownRegions = (
				en,
				Base,
			);
			mainGroup = 28CED6D52A8827FF00ED7FAB;
			productRefGroup = 28CED6DF2A8827FF00ED7FAB /* Products */;
			projectDirPath = "";
			projectRoot = "";
			targets = (
				28CED6DD2A8827FF00ED7FAB /* CryptoTracker */,
			);
		};
/* End PBXProject section */

/* Begin PBXResourcesBuildPhase section */
		28CED6DC2A8827FF00ED7FAB /* Resources */ = {
			isa = PBXResourcesBuildPhase;
			buildActionMask = 2147483647;
			files = (
				28CED6E92A8827FF00ED7FAB /* Preview Assets.xcassets in Resources */,
				28CED6E62A8827FF00ED7FAB /* Assets.xcassets in Resources */,
			);
			runOnlyForDeploymentPostprocessing = 0;
		};
/* End PBXResourcesBuildPhase section */

/* Begin PBXSourcesBuildPhase section */
		28CED6DA2A8827FF00ED7FAB /* Sources */ = {
			isa = PBXSourcesBuildPhase;
			buildActionMask = 2147483647;
			files = (
				2896202C2A890054009EABE1 /* CoinRowView.swift in Sources */,
				28CED6E22A8827FF00ED7FAB /* CryptoTrackerApp.swift in Sources */,
				28CED6F92A8828BE00ED7FAB /* CircleButtonAnimationView.swift in Sources */,
				289620322A89195E009EABE1 /* HomeViewModel.swift in Sources */,
				28CED6FD2A8828F300ED7FAB /* HomeView.swift in Sources */,
				28CED6F72A88289800ED7FAB /* CircleButtonView.swift in Sources */,
				289620302A890577009EABE1 /* Double.swift in Sources */,
				28CED6F12A88283C00ED7FAB /* Color.swift in Sources */,
				2896202E2A8900BF009EABE1 /* PreviewProvider.swift in Sources */,
				2896202A2A883094009EABE1 /* CoinModel.swift in Sources */,
				289620352A893C56009EABE1 /* CoinDataService.swift in Sources */,
			);
			runOnlyForDeploymentPostprocessing = 0;
		};
/* End PBXSourcesBuildPhase section */

/* Begin XCBuildConfiguration section */
		28CED6EA2A8827FF00ED7FAB /* Debug */ = {
			isa = XCBuildConfiguration;
			buildSettings = {
				ALWAYS_SEARCH_USER_PATHS = NO;
				CLANG_ANALYZER_NONNULL = YES;
				CLANG_ANALYZER_NUMBER_OBJECT_CONVERSION = YES_AGGRESSIVE;
				CLANG_CXX_LANGUAGE_STANDARD = "gnu++20";
				CLANG_ENABLE_MODULES = YES;
				CLANG_ENABLE_OBJC_ARC = YES;
				CLANG_ENABLE_OBJC_WEAK = YES;
				CLANG_WARN_BLOCK_CAPTURE_AUTORELEASING = YES;
				CLANG_WARN_BOOL_CONVERSION = YES;
				CLANG_WARN_COMMA = YES;
				CLANG_WARN_CONSTANT_CONVERSION = YES;
				CLANG_WARN_DEPRECATED_OBJC_IMPLEMENTATIONS = YES;
				CLANG_WARN_DIRECT_OBJC_ISA_USAGE = YES_ERROR;
				CLANG_WARN_DOCUMENTATION_COMMENTS = YES;
				CLANG_WARN_EMPTY_BODY = YES;
				CLANG_WARN_ENUM_CONVERSION = YES;
				CLANG_WARN_INFINITE_RECURSION = YES;
				CLANG_WARN_INT_CONVERSION = YES;
				CLANG_WARN_NON_LITERAL_NULL_CONVERSION = YES;
				CLANG_WARN_OBJC_IMPLICIT_RETAIN_SELF = YES;
				CLANG_WARN_OBJC_LITERAL_CONVERSION = YES;
				CLANG_WARN_OBJC_ROOT_CLASS = YES_ERROR;
				CLANG_WARN_QUOTED_INCLUDE_IN_FRAMEWORK_HEADER = YES;
				CLANG_WARN_RANGE_LOOP_ANALYSIS = YES;
				CLANG_WARN_STRICT_PROTOTYPES = YES;
				CLANG_WARN_SUSPICIOUS_MOVE = YES;
				CLANG_WARN_UNGUARDED_AVAILABILITY = YES_AGGRESSIVE;
				CLANG_WARN_UNREACHABLE_CODE = YES;
				CLANG_WARN__DUPLICATE_METHOD_MATCH = YES;
				COPY_PHASE_STRIP = NO;
				DEBUG_INFORMATION_FORMAT = dwarf;
				ENABLE_STRICT_OBJC_MSGSEND = YES;
				ENABLE_TESTABILITY = YES;
				GCC_C_LANGUAGE_STANDARD = gnu11;
				GCC_DYNAMIC_NO_PIC = NO;
				GCC_NO_COMMON_BLOCKS = YES;
				GCC_OPTIMIZATION_LEVEL = 0;
				GCC_PREPROCESSOR_DEFINITIONS = (
					"DEBUG=1",
					"$(inherited)",
				);
				GCC_WARN_64_TO_32_BIT_CONVERSION = YES;
				GCC_WARN_ABOUT_RETURN_TYPE = YES_ERROR;
				GCC_WARN_UNDECLARED_SELECTOR = YES;
				GCC_WARN_UNINITIALIZED_AUTOS = YES_AGGRESSIVE;
				GCC_WARN_UNUSED_FUNCTION = YES;
				GCC_WARN_UNUSED_VARIABLE = YES;
				IPHONEOS_DEPLOYMENT_TARGET = 16.4;
				MTL_ENABLE_DEBUG_INFO = INCLUDE_SOURCE;
				MTL_FAST_MATH = YES;
				ONLY_ACTIVE_ARCH = YES;
				SDKROOT = iphoneos;
				SWIFT_ACTIVE_COMPILATION_CONDITIONS = DEBUG;
				SWIFT_OPTIMIZATION_LEVEL = "-Onone";
			};
			name = Debug;
		};
		28CED6EB2A8827FF00ED7FAB /* Release */ = {
			isa = XCBuildConfiguration;
			buildSettings = {
				ALWAYS_SEARCH_USER_PATHS = NO;
				CLANG_ANALYZER_NONNULL = YES;
				CLANG_ANALYZER_NUMBER_OBJECT_CONVERSION = YES_AGGRESSIVE;
				CLANG_CXX_LANGUAGE_STANDARD = "gnu++20";
				CLANG_ENABLE_MODULES = YES;
				CLANG_ENABLE_OBJC_ARC = YES;
				CLANG_ENABLE_OBJC_WEAK = YES;
				CLANG_WARN_BLOCK_CAPTURE_AUTORELEASING = YES;
				CLANG_WARN_BOOL_CONVERSION = YES;
				CLANG_WARN_COMMA = YES;
				CLANG_WARN_CONSTANT_CONVERSION = YES;
				CLANG_WARN_DEPRECATED_OBJC_IMPLEMENTATIONS = YES;
				CLANG_WARN_DIRECT_OBJC_ISA_USAGE = YES_ERROR;
				CLANG_WARN_DOCUMENTATION_COMMENTS = YES;
				CLANG_WARN_EMPTY_BODY = YES;
				CLANG_WARN_ENUM_CONVERSION = YES;
				CLANG_WARN_INFINITE_RECURSION = YES;
				CLANG_WARN_INT_CONVERSION = YES;
				CLANG_WARN_NON_LITERAL_NULL_CONVERSION = YES;
				CLANG_WARN_OBJC_IMPLICIT_RETAIN_SELF = YES;
				CLANG_WARN_OBJC_LITERAL_CONVERSION = YES;
				CLANG_WARN_OBJC_ROOT_CLASS = YES_ERROR;
				CLANG_WARN_QUOTED_INCLUDE_IN_FRAMEWORK_HEADER = YES;
				CLANG_WARN_RANGE_LOOP_ANALYSIS = YES;
				CLANG_WARN_STRICT_PROTOTYPES = YES;
				CLANG_WARN_SUSPICIOUS_MOVE = YES;
				CLANG_WARN_UNGUARDED_AVAILABILITY = YES_AGGRESSIVE;
				CLANG_WARN_UNREACHABLE_CODE = YES;
				CLANG_WARN__DUPLICATE_METHOD_MATCH = YES;
				COPY_PHASE_STRIP = NO;
				DEBUG_INFORMATION_FORMAT = "dwarf-with-dsym";
				ENABLE_NS_ASSERTIONS = NO;
				ENABLE_STRICT_OBJC_MSGSEND = YES;
				GCC_C_LANGUAGE_STANDARD = gnu11;
				GCC_NO_COMMON_BLOCKS = YES;
				GCC_WARN_64_TO_32_BIT_CONVERSION = YES;
				GCC_WARN_ABOUT_RETURN_TYPE = YES_ERROR;
				GCC_WARN_UNDECLARED_SELECTOR = YES;
				GCC_WARN_UNINITIALIZED_AUTOS = YES_AGGRESSIVE;
				GCC_WARN_UNUSED_FUNCTION = YES;
				GCC_WARN_UNUSED_VARIABLE = YES;
				IPHONEOS_DEPLOYMENT_TARGET = 16.4;
				MTL_ENABLE_DEBUG_INFO = NO;
				MTL_FAST_MATH = YES;
				SDKROOT = iphoneos;
				SWIFT_COMPILATION_MODE = wholemodule;
				SWIFT_OPTIMIZATION_LEVEL = "-O";
				VALIDATE_PRODUCT = YES;
			};
			name = Release;
		};
		28CED6ED2A8827FF00ED7FAB /* Debug */ = {
			isa = XCBuildConfiguration;
			buildSettings = {
				ASSETCATALOG_COMPILER_APPICON_NAME = AppIcon;
				ASSETCATALOG_COMPILER_GLOBAL_ACCENT_COLOR_NAME = AccentColor;
				CODE_SIGN_STYLE = Automatic;
				CURRENT_PROJECT_VERSION = 1;
				DEVELOPMENT_ASSET_PATHS = "\"CryptoTracker/Preview Content\"";
				DEVELOPMENT_TEAM = SVGXRR5RRA;
				ENABLE_PREVIEWS = YES;
				GENERATE_INFOPLIST_FILE = YES;
				INFOPLIST_KEY_UIApplicationSceneManifest_Generation = YES;
				INFOPLIST_KEY_UIApplicationSupportsIndirectInputEvents = YES;
				INFOPLIST_KEY_UILaunchScreen_Generation = YES;
				INFOPLIST_KEY_UISupportedInterfaceOrientations_iPad = "UIInterfaceOrientationPortrait UIInterfaceOrientationPortraitUpsideDown UIInterfaceOrientationLandscapeLeft UIInterfaceOrientationLandscapeRight";
				INFOPLIST_KEY_UISupportedInterfaceOrientations_iPhone = "UIInterfaceOrientationPortrait UIInterfaceOrientationLandscapeLeft UIInterfaceOrientationLandscapeRight";
				LD_RUNPATH_SEARCH_PATHS = (
					"$(inherited)",
					"@executable_path/Frameworks",
				);
				MARKETING_VERSION = 1.0;
				PRODUCT_BUNDLE_IDENTIFIER = com.Eduardo.CryptoTracker;
				PRODUCT_NAME = "$(TARGET_NAME)";
				SWIFT_EMIT_LOC_STRINGS = YES;
				SWIFT_VERSION = 5.0;
				TARGETED_DEVICE_FAMILY = "1,2";
			};
			name = Debug;
		};
		28CED6EE2A8827FF00ED7FAB /* Release */ = {
			isa = XCBuildConfiguration;
			buildSettings = {
				ASSETCATALOG_COMPILER_APPICON_NAME = AppIcon;
				ASSETCATALOG_COMPILER_GLOBAL_ACCENT_COLOR_NAME = AccentColor;
				CODE_SIGN_STYLE = Automatic;
				CURRENT_PROJECT_VERSION = 1;
				DEVELOPMENT_ASSET_PATHS = "\"CryptoTracker/Preview Content\"";
				DEVELOPMENT_TEAM = SVGXRR5RRA;
				ENABLE_PREVIEWS = YES;
				GENERATE_INFOPLIST_FILE = YES;
				INFOPLIST_KEY_UIApplicationSceneManifest_Generation = YES;
				INFOPLIST_KEY_UIApplicationSupportsIndirectInputEvents = YES;
				INFOPLIST_KEY_UILaunchScreen_Generation = YES;
				INFOPLIST_KEY_UISupportedInterfaceOrientations_iPad = "UIInterfaceOrientationPortrait UIInterfaceOrientationPortraitUpsideDown UIInterfaceOrientationLandscapeLeft UIInterfaceOrientationLandscapeRight";
				INFOPLIST_KEY_UISupportedInterfaceOrientations_iPhone = "UIInterfaceOrientationPortrait UIInterfaceOrientationLandscapeLeft UIInterfaceOrientationLandscapeRight";
				LD_RUNPATH_SEARCH_PATHS = (
					"$(inherited)",
					"@executable_path/Frameworks",
				);
				MARKETING_VERSION = 1.0;
				PRODUCT_BUNDLE_IDENTIFIER = com.Eduardo.CryptoTracker;
				PRODUCT_NAME = "$(TARGET_NAME)";
				SWIFT_EMIT_LOC_STRINGS = YES;
				SWIFT_VERSION = 5.0;
				TARGETED_DEVICE_FAMILY = "1,2";
			};
			name = Release;
		};
/* End XCBuildConfiguration section */

/* Begin XCConfigurationList section */
		28CED6D92A8827FF00ED7FAB /* Build configuration list for PBXProject "CryptoTracker" */ = {
			isa = XCConfigurationList;
			buildConfigurations = (
				28CED6EA2A8827FF00ED7FAB /* Debug */,
				28CED6EB2A8827FF00ED7FAB /* Release */,
			);
			defaultConfigurationIsVisible = 0;
			defaultConfigurationName = Release;
		};
		28CED6EC2A8827FF00ED7FAB /* Build configuration list for PBXNativeTarget "CryptoTracker" */ = {
			isa = XCConfigurationList;
			buildConfigurations = (
				28CED6ED2A8827FF00ED7FAB /* Debug */,
				28CED6EE2A8827FF00ED7FAB /* Release */,
			);
			defaultConfigurationIsVisible = 0;
			defaultConfigurationName = Release;
		};
/* End XCConfigurationList section */
	};
	rootObject = 28CED6D62A8827FF00ED7FAB /* Project object */;
}
